# THIS IS AN AUTOGENERATED FILE. DO NOT EDIT THIS FILE DIRECTLY.
# yarn lockfile v1


moment-timezone@0.5.14:
  version "0.5.14"
  resolved "https://registry.yarnpkg.com/moment-timezone/-/moment-timezone-0.5.14.tgz#4eb38ff9538b80108ba467a458f3ed4268ccfcb1"
  dependencies:
    moment ">= 2.9.0"

moment@2.21.0, "moment@>= 2.9.0":
  version "2.21.0"
  resolved "https://registry.yarnpkg.com/moment/-/moment-2.21.0.tgz#2a114b51d2a6ec9e6d83cf803f838a878d8a023a"

promise-reflect@^1.1.0:
  version "1.1.0"
  resolved "https://registry.yarnpkg.com/promise-reflect/-/promise-reflect-1.1.0.tgz#5d4fbb780f83b8b6dadca639362c40fbc1336010"
